
Microsoft Visual Studio Solution File, Format Version 12.00
# Visual Studio 2013
VisualStudioVersion = 12.0.21005.1
MinimumVisualStudioVersion = 10.0.40219.1
Project("{FAE04EC0-301F-11D3-BF4B-00C04F79EFBC}") = "WebTasksJobs", "WebTasksJobs\WebTasksJobs.csproj", "{87A43B87-3A4A-4572-BC79-C69DF4C00C6C}"
EndProject
Project("{2150E333-8FDC-42A3-9474-1A3956D46DE8}") = "sql", "sql", "{C07C9120-1926-4BB6-A813-14E34C86B87E}"
EndProject
Project("{FAE04EC0-301F-11D3-BF4B-00C04F79EFBC}") = "TasksJob", "TasksJob\TasksJob.csproj", "{9DB2C118-54AF-40A9-9651-48C3203CFBC9}"
EndProject
Project("{2150E333-8FDC-42A3-9474-1A3956D46DE8}") = "PluginsSimple", "PluginsSimple", "{F68789B9-A1F9-4FB8-A030-44BEB94AA572}"
EndProject
Project("{2150E333-8FDC-42A3-9474-1A3956D46DE8}") = "Dal", "Dal", "{2A01E1ED-69DC-44C2-B5D7-FBD162C2B452}"
EndProject
Project("{FAE04EC0-301F-11D3-BF4B-00C04F79EFBC}") = "Lior.Jobs.TaskDal", "dal\JobsTaskDal\ClassLibrary1\Lior.Jobs.TaskDal.csproj", "{87C53FED-9574-42BB-9E5D-D51BAC18D090}"
EndProject
Project("{2150E333-8FDC-42A3-9474-1A3956D46DE8}") = "Contract", "Contract", "{89D35DAD-DE7A-409A-926B-7334C27ECF12}"
EndProject
Project("{FAE04EC0-301F-11D3-BF4B-00C04F79EFBC}") = "Lior.Job.Contract", "contract\Lior.Job.Contract\Lior.Job.Contract.csproj", "{E3F36D6F-5E76-4A48-B007-2DB6F482A8DE}"
EndProject
Project("{2150E333-8FDC-42A3-9474-1A3956D46DE8}") = "Serivices", "Serivices", "{D0693316-25FE-40A5-A8E6-BE3ED39B110E}"
EndProject
Project("{FAE04EC0-301F-11D3-BF4B-00C04F79EFBC}") = "TaskBll", "bll\TaskBll\TaskBll.csproj", "{5A26D304-123D-4B1D-8F04-78263BFDFE40}"
EndProject
Project("{FAE04EC0-301F-11D3-BF4B-00C04F79EFBC}") = "Lior.Job.Service.PluginableService", "services\Lior.Job.Service.PluginableService\Lior.Job.Service.PluginableService.csproj", "{2805EECE-8B79-4C08-8AA0-0DBAEB184DE4}"
EndProject
Project("{2150E333-8FDC-42A3-9474-1A3956D46DE8}") = "Provider", "Provider", "{0BC81CF2-55D4-48B2-AEB1-CFE7E471E6EB}"
EndProject
Global
	GlobalSection(SolutionConfigurationPlatforms) = preSolution
		Debug|Any CPU = Debug|Any CPU
		Release|Any CPU = Release|Any CPU
	EndGlobalSection
	GlobalSection(ProjectConfigurationPlatforms) = postSolution
		{87A43B87-3A4A-4572-BC79-C69DF4C00C6C}.Debug|Any CPU.ActiveCfg = Debug|Any CPU
		{87A43B87-3A4A-4572-BC79-C69DF4C00C6C}.Debug|Any CPU.Build.0 = Debug|Any CPU
		{87A43B87-3A4A-4572-BC79-C69DF4C00C6C}.Release|Any CPU.ActiveCfg = Release|Any CPU
		{87A43B87-3A4A-4572-BC79-C69DF4C00C6C}.Release|Any CPU.Build.0 = Release|Any CPU
		{9DB2C118-54AF-40A9-9651-48C3203CFBC9}.Debug|Any CPU.ActiveCfg = Debug|Any CPU
		{9DB2C118-54AF-40A9-9651-48C3203CFBC9}.Debug|Any CPU.Build.0 = Debug|Any CPU
		{9DB2C118-54AF-40A9-9651-48C3203CFBC9}.Release|Any CPU.ActiveCfg = Release|Any CPU
		{9DB2C118-54AF-40A9-9651-48C3203CFBC9}.Release|Any CPU.Build.0 = Release|Any CPU
		{87C53FED-9574-42BB-9E5D-D51BAC18D090}.Debug|Any CPU.ActiveCfg = Debug|Any CPU
		{87C53FED-9574-42BB-9E5D-D51BAC18D090}.Debug|Any CPU.Build.0 = Debug|Any CPU
		{87C53FED-9574-42BB-9E5D-D51BAC18D090}.Release|Any CPU.ActiveCfg = Release|Any CPU
		{87C53FED-9574-42BB-9E5D-D51BAC18D090}.Release|Any CPU.Build.0 = Release|Any CPU
		{E3F36D6F-5E76-4A48-B007-2DB6F482A8DE}.Debug|Any CPU.ActiveCfg = Debug|Any CPU
		{E3F36D6F-5E76-4A48-B007-2DB6F482A8DE}.Debug|Any CPU.Build.0 = Debug|Any CPU
		{E3F36D6F-5E76-4A48-B007-2DB6F482A8DE}.Release|Any CPU.ActiveCfg = Release|Any CPU
		{E3F36D6F-5E76-4A48-B007-2DB6F482A8DE}.Release|Any CPU.Build.0 = Release|Any CPU
		{5A26D304-123D-4B1D-8F04-78263BFDFE40}.Debug|Any CPU.ActiveCfg = Debug|Any CPU
		{5A26D304-123D-4B1D-8F04-78263BFDFE40}.Debug|Any CPU.Build.0 = Debug|Any CPU
		{5A26D304-123D-4B1D-8F04-78263BFDFE40}.Release|Any CPU.ActiveCfg = Release|Any CPU
		{5A26D304-123D-4B1D-8F04-78263BFDFE40}.Release|Any CPU.Build.0 = Release|Any CPU
		{2805EECE-8B79-4C08-8AA0-0DBAEB184DE4}.Debug|Any CPU.ActiveCfg = Debug|Any CPU
		{2805EECE-8B79-4C08-8AA0-0DBAEB184DE4}.Debug|Any CPU.Build.0 = Debug|Any CPU
		{2805EECE-8B79-4C08-8AA0-0DBAEB184DE4}.Release|Any CPU.ActiveCfg = Release|Any CPU
		{2805EECE-8B79-4C08-8AA0-0DBAEB184DE4}.Release|Any CPU.Build.0 = Release|Any CPU
	EndGlobalSection
	GlobalSection(SolutionProperties) = preSolution
		HideSolutionNode = FALSE
	EndGlobalSection
	GlobalSection(NestedProjects) = preSolution
		{5A26D304-123D-4B1D-8F04-78263BFDFE40} = {F68789B9-A1F9-4FB8-A030-44BEB94AA572}
		{87C53FED-9574-42BB-9E5D-D51BAC18D090} = {2A01E1ED-69DC-44C2-B5D7-FBD162C2B452}
		{E3F36D6F-5E76-4A48-B007-2DB6F482A8DE} = {89D35DAD-DE7A-409A-926B-7334C27ECF12}
		{2805EECE-8B79-4C08-8AA0-0DBAEB184DE4} = {D0693316-25FE-40A5-A8E6-BE3ED39B110E}
	EndGlobalSection
EndGlobal
